Microsoft Visual Studio Solution File, Format Version 12.00
# Visual Studio 15
VisualStudioVersion = 15.0.26730.10
MinimumVisualStudioVersion = 15.0.26124.0
Project("{2150E333-8FDC-42A3-9474-1A3956D46DE8}") = "src", "src", "{5CBB3EB8-D3FD-4E1E-8884-4D040AE5264F}"
EndProject
Project("{9A19103F-16F7-4668-BE54-9A1E7A4F7556}") = "DeckHubLive", "src\DeckHubLive\DeckHubLive.csproj", "{DFC71DC6-5A92-49A3-9006-DDAC16563337}"
EndProject
Global
	GlobalSection(SolutionConfigurationPlatforms) = preSolution
		Debug|Any CPU = Debug|Any CPU
		Debug|x64 = Debug|x64
		Debug|x86 = Debug|x86
		Release|Any CPU = Release|Any CPU
		Release|x64 = Release|x64
		Release|x86 = Release|x86
	EndGlobalSection
	GlobalSection(ProjectConfigurationPlatforms) = postSolution
		{DFC71DC6-5A92-49A3-9006-DDAC16563337}.Debug|Any CPU.ActiveCfg = Debug|Any CPU
		{DFC71DC6-5A92-49A3-9006-DDAC16563337}.Debug|Any CPU.Build.0 = Debug|Any CPU
		{DFC71DC6-5A92-49A3-9006-DDAC16563337}.Debug|x64.ActiveCfg = Debug|Any CPU
		{DFC71DC6-5A92-49A3-9006-DDAC16563337}.Debug|x64.Build.0 = Debug|Any CPU
		{DFC71DC6-5A92-49A3-9006-DDAC16563337}.Debug|x86.ActiveCfg = Debug|Any CPU
		{DFC71DC6-5A92-49A3-9006-DDAC16563337}.Debug|x86.Build.0 = Debug|Any CPU
		{DFC71DC6-5A92-49A3-9006-DDAC16563337}.Release|Any CPU.ActiveCfg = Release|Any CPU
		{DFC71DC6-5A92-49A3-9006-DDAC16563337}.Release|Any CPU.Build.0 = Release|Any CPU
		{DFC71DC6-5A92-49A3-9006-DDAC16563337}.Release|x64.ActiveCfg = Release|Any CPU
		{DFC71DC6-5A92-49A3-9006-DDAC16563337}.Release|x64.Build.0 = Release|Any CPU
		{DFC71DC6-5A92-49A3-9006-DDAC16563337}.Release|x86.ActiveCfg = Release|Any CPU
		{DFC71DC6-5A92-49A3-9006-DDAC16563337}.Release|x86.Build.0 = Release|Any CPU
	EndGlobalSection
	GlobalSection(SolutionProperties) = preSolution
		HideSolutionNode = FALSE
	EndGlobalSection
	GlobalSection(NestedProjects) = preSolution
		{DFC71DC6-5A92-49A3-9006-DDAC16563337} = {5CBB3EB8-D3FD-4E1E-8884-4D040AE5264F}
	EndGlobalSection
	GlobalSection(ExtensibilityGlobals) = postSolution
		SolutionGuid = {5FAF82D5-ACAD-464E-B0BB-C838B3493339}
	EndGlobalSection
EndGlobal
